
Microsoft Visual Studio Solution File, Format Version 12.00
# Visual Studio Version 17
VisualStudioVersion = 17.11.35222.181
MinimumVisualStudioVersion = 10.0.40219.1
Project("{2150E333-8FDC-42A3-9474-1A3956D46DE8}") = "src", "src", "{4D5A3C18-E038-4748-B39E-C8017EA75B6B}"
EndProject
Project("{2150E333-8FDC-42A3-9474-1A3956D46DE8}") = "Core", "Core", "{D677496B-F03F-4516-AAE8-24FAF6E2D6B7}"
EndProject
Project("{2150E333-8FDC-42A3-9474-1A3956D46DE8}") = "Infrastructure", "Infrastructure", "{F84CBFEA-AB9D-4ADA-BC46-C8CE00E0CF93}"
EndProject
Project("{2150E333-8FDC-42A3-9474-1A3956D46DE8}") = "Presentation", "Presentation", "{BF784971-299F-4707-9000-C034EA44C38D}"
EndProject
Project("{FAE04EC0-301F-11D3-BF4B-00C04F79EFBC}") = "Application", "Application\Application.csproj", "{7E8A90C0-B35F-42D0-80BF-5A08AD6470D5}"
EndProject
Project("{FAE04EC0-301F-11D3-BF4B-00C04F79EFBC}") = "Domain", "Domain\Domain.csproj", "{DFC511AB-1FD7-4B8C-B31E-44EFAE3FF712}"
EndProject
Project("{FAE04EC0-301F-11D3-BF4B-00C04F79EFBC}") = "Infrastructure", "Infrastructure\Infrastructure.csproj", "{79818EAB-F9A4-4649-8F85-B4AAA9D4BEAE}"
EndProject
Project("{FAE04EC0-301F-11D3-BF4B-00C04F79EFBC}") = "Persistence", "Persistence\Persistence.csproj", "{691CDD77-6ED9-4889-B4A2-6D1598F240A5}"
EndProject
Project("{FAE04EC0-301F-11D3-BF4B-00C04F79EFBC}") = "WebAPI", "WebAPI\WebAPI.csproj", "{6A67C53F-765F-4F8D-AD27-370CFCBEF54A}"
EndProject
Global
	GlobalSection(SolutionConfigurationPlatforms) = preSolution
		Debug|Any CPU = Debug|Any CPU
		Release|Any CPU = Release|Any CPU
	EndGlobalSection
	GlobalSection(ProjectConfigurationPlatforms) = postSolution
		{7E8A90C0-B35F-42D0-80BF-5A08AD6470D5}.Debug|Any CPU.ActiveCfg = Debug|Any CPU
		{7E8A90C0-B35F-42D0-80BF-5A08AD6470D5}.Debug|Any CPU.Build.0 = Debug|Any CPU
		{7E8A90C0-B35F-42D0-80BF-5A08AD6470D5}.Release|Any CPU.ActiveCfg = Release|Any CPU
		{7E8A90C0-B35F-42D0-80BF-5A08AD6470D5}.Release|Any CPU.Build.0 = Release|Any CPU
		{DFC511AB-1FD7-4B8C-B31E-44EFAE3FF712}.Debug|Any CPU.ActiveCfg = Debug|Any CPU
		{DFC511AB-1FD7-4B8C-B31E-44EFAE3FF712}.Debug|Any CPU.Build.0 = Debug|Any CPU
		{DFC511AB-1FD7-4B8C-B31E-44EFAE3FF712}.Release|Any CPU.ActiveCfg = Release|Any CPU
		{DFC511AB-1FD7-4B8C-B31E-44EFAE3FF712}.Release|Any CPU.Build.0 = Release|Any CPU
		{79818EAB-F9A4-4649-8F85-B4AAA9D4BEAE}.Debug|Any CPU.ActiveCfg = Debug|Any CPU
		{79818EAB-F9A4-4649-8F85-B4AAA9D4BEAE}.Debug|Any CPU.Build.0 = Debug|Any CPU
		{79818EAB-F9A4-4649-8F85-B4AAA9D4BEAE}.Release|Any CPU.ActiveCfg = Release|Any CPU
		{79818EAB-F9A4-4649-8F85-B4AAA9D4BEAE}.Release|Any CPU.Build.0 = Release|Any CPU
		{691CDD77-6ED9-4889-B4A2-6D1598F240A5}.Debug|Any CPU.ActiveCfg = Debug|Any CPU
		{691CDD77-6ED9-4889-B4A2-6D1598F240A5}.Debug|Any CPU.Build.0 = Debug|Any CPU
		{691CDD77-6ED9-4889-B4A2-6D1598F240A5}.Release|Any CPU.ActiveCfg = Release|Any CPU
		{691CDD77-6ED9-4889-B4A2-6D1598F240A5}.Release|Any CPU.Build.0 = Release|Any CPU
		{6A67C53F-765F-4F8D-AD27-370CFCBEF54A}.Debug|Any CPU.ActiveCfg = Debug|Any CPU
		{6A67C53F-765F-4F8D-AD27-370CFCBEF54A}.Debug|Any CPU.Build.0 = Debug|Any CPU
		{6A67C53F-765F-4F8D-AD27-370CFCBEF54A}.Release|Any CPU.ActiveCfg = Release|Any CPU
		{6A67C53F-765F-4F8D-AD27-370CFCBEF54A}.Release|Any CPU.Build.0 = Release|Any CPU
	EndGlobalSection
	GlobalSection(SolutionProperties) = preSolution
		HideSolutionNode = FALSE
	EndGlobalSection
	GlobalSection(NestedProjects) = preSolution
		{D677496B-F03F-4516-AAE8-24FAF6E2D6B7} = {4D5A3C18-E038-4748-B39E-C8017EA75B6B}
		{F84CBFEA-AB9D-4ADA-BC46-C8CE00E0CF93} = {4D5A3C18-E038-4748-B39E-C8017EA75B6B}
		{BF784971-299F-4707-9000-C034EA44C38D} = {4D5A3C18-E038-4748-B39E-C8017EA75B6B}
		{7E8A90C0-B35F-42D0-80BF-5A08AD6470D5} = {D677496B-F03F-4516-AAE8-24FAF6E2D6B7}
		{DFC511AB-1FD7-4B8C-B31E-44EFAE3FF712} = {D677496B-F03F-4516-AAE8-24FAF6E2D6B7}
		{79818EAB-F9A4-4649-8F85-B4AAA9D4BEAE} = {F84CBFEA-AB9D-4ADA-BC46-C8CE00E0CF93}
		{691CDD77-6ED9-4889-B4A2-6D1598F240A5} = {F84CBFEA-AB9D-4ADA-BC46-C8CE00E0CF93}
		{6A67C53F-765F-4F8D-AD27-370CFCBEF54A} = {BF784971-299F-4707-9000-C034EA44C38D}
	EndGlobalSection
	GlobalSection(ExtensibilityGlobals) = postSolution
		SolutionGuid = {6CF431CA-D3EB-4802-AD13-E2FAA6664DA9}
	EndGlobalSection
EndGlobal
